// !$*UTF8*$!
{
	archiveVersion = 1;
	classes = {
	};
	objectVersion = 52;
	objects = {

/* Begin PBXBuildFile section */
		1692407626A89CB900502370 /* AppSparql.swift in Sources */ = {isa = PBXBuildFile; fileRef = 1692407526A89CB900502370 /* AppSparql.swift */; };
		1692407726A89CB900502370 /* AppSparql.swift in Sources */ = {isa = PBXBuildFile; fileRef = 1692407526A89CB900502370 /* AppSparql.swift */; };
		1692407926A89CE200502370 /* QueryCache.swift in Sources */ = {isa = PBXBuildFile; fileRef = 1692407826A89CE200502370 /* QueryCache.swift */; };
		1692407A26A89CE200502370 /* QueryCache.swift in Sources */ = {isa = PBXBuildFile; fileRef = 1692407826A89CE200502370 /* QueryCache.swift */; };
		1692407D26A89DC600502370 /* Relationships.swift in Sources */ = {isa = PBXBuildFile; fileRef = 1692407C26A89DC600502370 /* Relationships.swift */; };
		1692407E26A89DC600502370 /* Relationships.swift in Sources */ = {isa = PBXBuildFile; fileRef = 1692407C26A89DC600502370 /* Relationships.swift */; };
		4D3804272682462F0075EFBB /* BERTQAFP16.mlmodel in Sources */ = {isa = PBXBuildFile; fileRef = 4DC0036D26823CAE00402052 /* BERTQAFP16.mlmodel */; };
		4D3804292682462F0075EFBB /* BERTVocabulary.swift in Sources */ = {isa = PBXBuildFile; fileRef = 4DC0036826823C1B00402052 /* BERTVocabulary.swift */; };
		4D38042A2682462F0075EFBB /* TokenizedString.swift in Sources */ = {isa = PBXBuildFile; fileRef = 4DC0036726823C1B00402052 /* TokenizedString.swift */; };
		4D38042B2682462F0075EFBB /* BERT.swift in Sources */ = {isa = PBXBuildFile; fileRef = 4DC0036226823BFD00402052 /* BERT.swift */; };
		4D38042C2682462F0075EFBB /* BERTInput.swift in Sources */ = {isa = PBXBuildFile; fileRef = 4DC0036126823BFD00402052 /* BERTInput.swift */; };
		4D38042D2682462F0075EFBB /* BERTOutput.swift in Sources */ = {isa = PBXBuildFile; fileRef = 4DC0036326823BFD00402052 /* BERTOutput.swift */; };
		4D38042E2682468F0075EFBB /* bert-base-uncased-vocab.txt in Resources */ = {isa = PBXBuildFile; fileRef = 4DC0036B26823C8F00402052 /* bert-base-uncased-vocab.txt */; };
		4D38043026824AE80075EFBB /* NlpWhiteboard.swift in Sources */ = {isa = PBXBuildFile; fileRef = 4D38042F26824AE80075EFBB /* NlpWhiteboard.swift */; };
		4D38043126824B1F0075EFBB /* NlpWhiteboard.swift in Sources */ = {isa = PBXBuildFile; fileRef = 4D38042F26824AE80075EFBB /* NlpWhiteboard.swift */; };
		4D380432268251D10075EFBB /* NLPutils.swift in Sources */ = {isa = PBXBuildFile; fileRef = 4DA5E7CC26812583002C4185 /* NLPutils.swift */; };
		4D3804332682522A0075EFBB /* SparqlQuery.swift in Sources */ = {isa = PBXBuildFile; fileRef = 4DA5E7CE268125D4002C4185 /* SparqlQuery.swift */; };
		4D3804342682522A0075EFBB /* GenerateSparql.swift in Sources */ = {isa = PBXBuildFile; fileRef = 4DA5E7CF268125D4002C4185 /* GenerateSparql.swift */; };
		4D380437268252760075EFBB /* SwiftyJSON in Frameworks */ = {isa = PBXBuildFile; productRef = 4D380436268252760075EFBB /* SwiftyJSON */; };
		4D4D4280267F80BF00FEA3F5 /* KGNApp.swift in Sources */ = {isa = PBXBuildFile; fileRef = 4D4D427F267F80BF00FEA3F5 /* KGNApp.swift */; };
		4D4D4284267F80BF00FEA3F5 /* Assets.xcassets in Resources */ = {isa = PBXBuildFile; fileRef = 4D4D4283267F80BF00FEA3F5 /* Assets.xcassets */; };
		4D4D4287267F80BF00FEA3F5 /* Preview Assets.xcassets in Resources */ = {isa = PBXBuildFile; fileRef = 4D4D4286267F80BF00FEA3F5 /* Preview Assets.xcassets */; };
		4D4D4294267F886C00FEA3F5 /* MainView.swift in Sources */ = {isa = PBXBuildFile; fileRef = 4D4D4293267F886C00FEA3F5 /* MainView.swift */; };
		4D4D4297267F892500FEA3F5 /* QueryView.swift in Sources */ = {isa = PBXBuildFile; fileRef = 4D4D4296267F892500FEA3F5 /* QueryView.swift */; };
		4D4D4299267F893E00FEA3F5 /* AboutView.swift in Sources */ = {isa = PBXBuildFile; fileRef = 4D4D4298267F893E00FEA3F5 /* AboutView.swift */; };
		4D4D429B267F895400FEA3F5 /* InfoView.swift in Sources */ = {isa = PBXBuildFile; fileRef = 4D4D429A267F895400FEA3F5 /* InfoView.swift */; };
		4DA5E7CA2681230D002C4185 /* SwiftyJSON in Frameworks */ = {isa = PBXBuildFile; productRef = 4DA5E7C92681230D002C4185 /* SwiftyJSON */; };
		4DA5E7CD26812583002C4185 /* NLPutils.swift in Sources */ = {isa = PBXBuildFile; fileRef = 4DA5E7CC26812583002C4185 /* NLPutils.swift */; };
		4DA5E7D0268125D4002C4185 /* SparqlQuery.swift in Sources */ = {isa = PBXBuildFile; fileRef = 4DA5E7CE268125D4002C4185 /* SparqlQuery.swift */; };
		4DA5E7D1268125D4002C4185 /* GenerateSparql.swift in Sources */ = {isa = PBXBuildFile; fileRef = 4DA5E7CF268125D4002C4185 /* GenerateSparql.swift */; };
		4DBB56F02680FD7300A2C5DC /* MainView.swift in Sources */ = {isa = PBXBuildFile; fileRef = 4D4D4293267F886C00FEA3F5 /* MainView.swift */; };
		4DBB56F12680FD7300A2C5DC /* QueryView.swift in Sources */ = {isa = PBXBuildFile; fileRef = 4D4D4296267F892500FEA3F5 /* QueryView.swift */; };
		4DBB56F22680FD7300A2C5DC /* AboutView.swift in Sources */ = {isa = PBXBuildFile; fileRef = 4D4D4298267F893E00FEA3F5 /* AboutView.swift */; };
		4DBB56F32680FD7300A2C5DC /* InfoView.swift in Sources */ = {isa = PBXBuildFile; fileRef = 4D4D429A267F895400FEA3F5 /* InfoView.swift */; };
		4DC0036426823BFD00402052 /* BERTInput.swift in Sources */ = {isa = PBXBuildFile; fileRef = 4DC0036126823BFD00402052 /* BERTInput.swift */; };
		4DC0036526823BFD00402052 /* BERT.swift in Sources */ = {isa = PBXBuildFile; fileRef = 4DC0036226823BFD00402052 /* BERT.swift */; };
		4DC0036626823BFD00402052 /* BERTOutput.swift in Sources */ = {isa = PBXBuildFile; fileRef = 4DC0036326823BFD00402052 /* BERTOutput.swift */; };
		4DC0036926823C1B00402052 /* TokenizedString.swift in Sources */ = {isa = PBXBuildFile; fileRef = 4DC0036726823C1B00402052 /* TokenizedString.swift */; };
		4DC0036A26823C1B00402052 /* BERTVocabulary.swift in Sources */ = {isa = PBXBuildFile; fileRef = 4DC0036826823C1B00402052 /* BERTVocabulary.swift */; };
		4DC0036C26823C8F00402052 /* bert-base-uncased-vocab.txt in Resources */ = {isa = PBXBuildFile; fileRef = 4DC0036B26823C8F00402052 /* bert-base-uncased-vocab.txt */; };
		4DC0036E26823CAE00402052 /* BERTQAFP16.mlmodel in Sources */ = {isa = PBXBuildFile; fileRef = 4DC0036D26823CAE00402052 /* BERTQAFP16.mlmodel */; };
		4DF8C0F62681087C0055C938 /* OutputView.swift in Sources */ = {isa = PBXBuildFile; fileRef = 4DF8C0F52681087C0055C938 /* OutputView.swift */; };
		4DF8C0F8268108B30055C938 /* OutputView.swift in Sources */ = {isa = PBXBuildFile; fileRef = 4DF8C0F7268108B30055C938 /* OutputView.swift */; };
		4DF961772680F70900B31B96 /* KGNiosApp.swift in Sources */ = {isa = PBXBuildFile; fileRef = 4DF961762680F70900B31B96 /* KGNiosApp.swift */; };
		4DF9617B2680F70B00B31B96 /* Assets.xcassets in Resources */ = {isa = PBXBuildFile; fileRef = 4DF9617A2680F70B00B31B96 /* Assets.xcassets */; };
		4DF9617E2680F70B00B31B96 /* Preview Assets.xcassets in Resources */ = {isa = PBXBuildFile; fileRef = 4DF9617D2680F70B00B31B96 /* Preview Assets.xcassets */; };
		4DF961912680FA8900B31B96 /* View in Resources */ = {isa = PBXBuildFile; fileRef = 4DF961902680FA8900B31B96 /* View */; };
		4DF961932680FB4900B31B96 /* View in Resources */ = {isa = PBXBuildFile; fileRef = 4DF961922680FB4900B31B96 /* View */; };
/* End PBXBuildFile section */

/* Begin PBXFileReference section */
		1692407526A89CB900502370 /* AppSparql.swift */ = {isa = PBXFileReference; lastKnownFileType = sourcecode.swift; path = AppSparql.swift; sourceTree = "<group>"; };
		1692407826A89CE200502370 /* QueryCache.swift */ = {isa = PBXFileReference; lastKnownFileType = sourcecode.swift; path = QueryCache.swift; sourceTree = "<group>"; };
		1692407C26A89DC600502370 /* Relationships.swift */ = {isa = PBXFileReference; lastKnownFileType = sourcecode.swift; path = Relationships.swift; sourceTree = "<group>"; };
		4D38042F26824AE80075EFBB /* NlpWhiteboard.swift */ = {isa = PBXFileReference; fileEncoding = 4; lastKnownFileType = sourcecode.swift; path = NlpWhiteboard.swift; sourceTree = "<group>"; };
		4D4D427C267F80BF00FEA3F5 /* KGN.app */ = {isa = PBXFileReference; explicitFileType = wrapper.application; includeInIndex = 0; path = KGN.app; sourceTree = BUILT_PRODUCTS_DIR; };
		4D4D427F267F80BF00FEA3F5 /* KGNApp.swift */ = {isa = PBXFileReference; lastKnownFileType = sourcecode.swift; path = KGNApp.swift; sourceTree = "<group>"; };
		4D4D4283267F80BF00FEA3F5 /* Assets.xcassets */ = {isa = PBXFileReference; lastKnownFileType = folder.assetcatalog; path = Assets.xcassets; sourceTree = "<group>"; };
		4D4D4286267F80BF00FEA3F5 /* Preview Assets.xcassets */ = {isa = PBXFileReference; lastKnownFileType = folder.assetcatalog; path = "Preview Assets.xcassets"; sourceTree = "<group>"; };
		4D4D4288267F80BF00FEA3F5 /* Info.plist */ = {isa = PBXFileReference; lastKnownFileType = text.plist.xml; path = Info.plist; sourceTree = "<group>"; };
		4D4D4289267F80BF00FEA3F5 /* KGN.entitlements */ = {isa = PBXFileReference; lastKnownFileType = text.plist.entitlements; path = KGN.entitlements; sourceTree = "<group>"; };
		4D4D4293267F886C00FEA3F5 /* MainView.swift */ = {isa = PBXFileReference; lastKnownFileType = sourcecode.swift; path = MainView.swift; sourceTree = "<group>"; };
		4D4D4296267F892500FEA3F5 /* QueryView.swift */ = {isa = PBXFileReference; lastKnownFileType = sourcecode.swift; path = QueryView.swift; sourceTree = "<group>"; };
		4D4D4298267F893E00FEA3F5 /* AboutView.swift */ = {isa = PBXFileReference; lastKnownFileType = sourcecode.swift; path = AboutView.swift; sourceTree = "<group>"; };
		4D4D429A267F895400FEA3F5 /* InfoView.swift */ = {isa = PBXFileReference; lastKnownFileType = sourcecode.swift; path = InfoView.swift; sourceTree = "<group>"; };
		4DA5E7CC26812583002C4185 /* NLPutils.swift */ = {isa = PBXFileReference; fileEncoding = 4; lastKnownFileType = sourcecode.swift; path = NLPutils.swift; sourceTree = "<group>"; };
		4DA5E7CE268125D4002C4185 /* SparqlQuery.swift */ = {isa = PBXFileReference; fileEncoding = 4; lastKnownFileType = sourcecode.swift; path = SparqlQuery.swift; sourceTree = "<group>"; };
		4DA5E7CF268125D4002C4185 /* GenerateSparql.swift */ = {isa = PBXFileReference; fileEncoding = 4; lastKnownFileType = sourcecode.swift; path = GenerateSparql.swift; sourceTree = "<group>"; };
		4DC0036126823BFD00402052 /* BERTInput.swift */ = {isa = PBXFileReference; fileEncoding = 4; lastKnownFileType = sourcecode.swift; path = BERTInput.swift; sourceTree = "<group>"; };
		4DC0036226823BFD00402052 /* BERT.swift */ = {isa = PBXFileReference; fileEncoding = 4; lastKnownFileType = sourcecode.swift; path = BERT.swift; sourceTree = "<group>"; };
		4DC0036326823BFD00402052 /* BERTOutput.swift */ = {isa = PBXFileReference; fileEncoding = 4; lastKnownFileType = sourcecode.swift; path = BERTOutput.swift; sourceTree = "<group>"; };
		4DC0036726823C1B00402052 /* TokenizedString.swift */ = {isa = PBXFileReference; fileEncoding = 4; lastKnownFileType = sourcecode.swift; path = TokenizedString.swift; sourceTree = "<group>"; };
		4DC0036826823C1B00402052 /* BERTVocabulary.swift */ = {isa = PBXFileReference; fileEncoding = 4; lastKnownFileType = sourcecode.swift; path = BERTVocabulary.swift; sourceTree = "<group>"; };
		4DC0036B26823C8F00402052 /* bert-base-uncased-vocab.txt */ = {isa = PBXFileReference; fileEncoding = 4; lastKnownFileType = text; path = "bert-base-uncased-vocab.txt"; sourceTree = "<group>"; };
		4DC0036D26823CAE00402052 /* BERTQAFP16.mlmodel */ = {isa = PBXFileReference; lastKnownFileType = file.mlmodel; path = BERTQAFP16.mlmodel; sourceTree = "<group>"; };
		4DF8C0F52681087C0055C938 /* OutputView.swift */ = {isa = PBXFileReference; lastKnownFileType = sourcecode.swift; path = OutputView.swift; sourceTree = "<group>"; };
		4DF8C0F7268108B30055C938 /* OutputView.swift */ = {isa = PBXFileReference; lastKnownFileType = sourcecode.swift; path = OutputView.swift; sourceTree = "<group>"; };
		4DF961742680F70900B31B96 /* KGNios.app */ = {isa = PBXFileReference; explicitFileType = wrapper.application; includeInIndex = 0; path = KGNios.app; sourceTree = BUILT_PRODUCTS_DIR; };
		4DF961762680F70900B31B96 /* KGNiosApp.swift */ = {isa = PBXFileReference; lastKnownFileType = sourcecode.swift; path = KGNiosApp.swift; sourceTree = "<group>"; };
		4DF9617A2680F70B00B31B96 /* Assets.xcassets */ = {isa = PBXFileReference; lastKnownFileType = folder.assetcatalog; path = Assets.xcassets; sourceTree = "<group>"; };
		4DF9617D2680F70B00B31B96 /* Preview Assets.xcassets */ = {isa = PBXFileReference; lastKnownFileType = folder.assetcatalog; path = "Preview Assets.xcassets"; sourceTree = "<group>"; };
		4DF9617F2680F70B00B31B96 /* Info.plist */ = {isa = PBXFileReference; lastKnownFileType = text.plist.xml; path = Info.plist; sourceTree = "<group>"; };
		4DF961902680FA8900B31B96 /* View */ = {isa = PBXFileReference; fileEncoding = 4; lastKnownFileType = text; path = View; sourceTree = SOURCE_ROOT; };
		4DF961922680FB4900B31B96 /* View */ = {isa = PBXFileReference; fileEncoding = 4; lastKnownFileType = text; path = View; sourceTree = SOURCE_ROOT; };
/* End PBXFileReference section */

/* Begin PBXFrameworksBuildPhase section */
		4D4D4279267F80BF00FEA3F5 /* Frameworks */ = {
			isa = PBXFrameworksBuildPhase;
			buildActionMask = 2147483647;
			files = (
				4DA5E7CA2681230D002C4185 /* SwiftyJSON in Frameworks */,
			);
			runOnlyForDeploymentPostprocessing = 0;
		};
		4DF961712680F70900B31B96 /* Frameworks */ = {
			isa = PBXFrameworksBuildPhase;
			buildActionMask = 2147483647;
			files = (
				4D380437268252760075EFBB /* SwiftyJSON in Frameworks */,
			);
			runOnlyForDeploymentPostprocessing = 0;
		};
/* End PBXFrameworksBuildPhase section */

/* Begin PBXGroup section */
		1692407B26A89DA600502370 /* Relationships */ = {
			isa = PBXGroup;
			children = (
				1692407C26A89DC600502370 /* Relationships.swift */,
			);
			path = Relationships;
			sourceTree = "<group>";
		};
		4D380435268252760075EFBB /* Frameworks */ = {
			isa = PBXGroup;
			children = (
			);
			name = Frameworks;
			sourceTree = "<group>";
		};
		4D4D4273267F80BF00FEA3F5 = {
			isa = PBXGroup;
			children = (
				1692407B26A89DA600502370 /* Relationships */,
				4DA5E7CB26812541002C4185 /* Sparql */,
				4D4D4291267F883400FEA3F5 /* AppleBERT */,
				4D4D428F267F881300FEA3F5 /* View */,
				4D4D4292267F884100FEA3F5 /* NLP */,
				4D4D427E267F80BF00FEA3F5 /* KGN */,
				4DF961752680F70900B31B96 /* KGNios */,
				4D4D427D267F80BF00FEA3F5 /* Products */,
				4D380435268252760075EFBB /* Frameworks */,
			);
			sourceTree = "<group>";
		};
		4D4D427D267F80BF00FEA3F5 /* Products */ = {
			isa = PBXGroup;
			children = (
				4D4D427C267F80BF00FEA3F5 /* KGN.app */,
				4DF961742680F70900B31B96 /* KGNios.app */,
			);
			name = Products;
			sourceTree = "<group>";
		};
		4D4D427E267F80BF00FEA3F5 /* KGN */ = {
			isa = PBXGroup;
			children = (
				4DF961922680FB4900B31B96 /* View */,
				4D4D4295267F888B00FEA3F5 /* App */,
				4D4D4283267F80BF00FEA3F5 /* Assets.xcassets */,
				4D4D4288267F80BF00FEA3F5 /* Info.plist */,
				4D4D4289267F80BF00FEA3F5 /* KGN.entitlements */,
				4D4D4285267F80BF00FEA3F5 /* Preview Content */,
				4DF8C0F52681087C0055C938 /* OutputView.swift */,
			);
			path = KGN;
			sourceTree = "<group>";
		};
		4D4D4285267F80BF00FEA3F5 /* Preview Content */ = {
			isa = PBXGroup;
			children = (
				4D4D4286267F80BF00FEA3F5 /* Preview Assets.xcassets */,
			);
			path = "Preview Content";
			sourceTree = "<group>";
		};
		4D4D428F267F881300FEA3F5 /* View */ = {
			isa = PBXGroup;
			children = (
				4D4D4293267F886C00FEA3F5 /* MainView.swift */,
				4D4D4296267F892500FEA3F5 /* QueryView.swift */,
				4D4D4298267F893E00FEA3F5 /* AboutView.swift */,
				4D4D429A267F895400FEA3F5 /* InfoView.swift */,
			);
			path = View;
			sourceTree = "<group>";
		};
		4D4D4291267F883400FEA3F5 /* AppleBERT */ = {
			isa = PBXGroup;
			children = (
				4DC0036D26823CAE00402052 /* BERTQAFP16.mlmodel */,
				4DC0036B26823C8F00402052 /* bert-base-uncased-vocab.txt */,
				4DC0036826823C1B00402052 /* BERTVocabulary.swift */,
				4DC0036726823C1B00402052 /* TokenizedString.swift */,
				4DC0036226823BFD00402052 /* BERT.swift */,
				4DC0036126823BFD00402052 /* BERTInput.swift */,
				4DC0036326823BFD00402052 /* BERTOutput.swift */,
			);
			path = AppleBERT;
			sourceTree = "<group>";
		};
		4D4D4292267F884100FEA3F5 /* NLP */ = {
			isa = PBXGroup;
			children = (
				4D38042F26824AE80075EFBB /* NlpWhiteboard.swift */,
				4DA5E7CC26812583002C4185 /* NLPutils.swift */,
			);
			path = NLP;
			sourceTree = "<group>";
		};
		4D4D4295267F888B00FEA3F5 /* App */ = {
			isa = PBXGroup;
			children = (
				4D4D427F267F80BF00FEA3F5 /* KGNApp.swift */,
			);
			path = App;
			sourceTree = "<group>";
		};
		4DA5E7CB26812541002C4185 /* Sparql */ = {
			isa = PBXGroup;
			children = (
				4DA5E7CE268125D4002C4185 /* SparqlQuery.swift */,
				4DA5E7CF268125D4002C4185 /* GenerateSparql.swift */,
				1692407526A89CB900502370 /* AppSparql.swift */,
				1692407826A89CE200502370 /* QueryCache.swift */,
			);
			path = Sparql;
			sourceTree = "<group>";
		};
		4DBB56EF2680FCAB00A2C5DC /* App */ = {
			isa = PBXGroup;
			children = (
				4DF961762680F70900B31B96 /* KGNiosApp.swift */,
			);
			path = App;
			sourceTree = "<group>";
		};
		4DF961752680F70900B31B96 /* KGNios */ = {
			isa = PBXGroup;
			children = (
				4DBB56EF2680FCAB00A2C5DC /* App */,
				4DF961902680FA8900B31B96 /* View */,
				4DF9617A2680F70B00B31B96 /* Assets.xcassets */,
				4DF9617F2680F70B00B31B96 /* Info.plist */,
				4DF9617C2680F70B00B31B96 /* Preview Content */,
				4DF8C0F7268108B30055C938 /* OutputView.swift */,
			);
			path = KGNios;
			sourceTree = "<group>";
		};
		4DF9617C2680F70B00B31B96 /* Preview Content */ = {
			isa = PBXGroup;
			children = (
				4DF9617D2680F70B00B31B96 /* Preview Assets.xcassets */,
			);
			path = "Preview Content";
			sourceTree = "<group>";
		};
/* End PBXGroup section */

/* Begin PBXNativeTarget section */
		4D4D427B267F80BF00FEA3F5 /* KGN */ = {
			isa = PBXNativeTarget;
			buildConfigurationList = 4D4D428C267F80BF00FEA3F5 /* Build configuration list for PBXNativeTarget "KGN" */;
			buildPhases = (
				4D4D4278267F80BF00FEA3F5 /* Sources */,
				4D4D4279267F80BF00FEA3F5 /* Frameworks */,
				4D4D427A267F80BF00FEA3F5 /* Resources */,
			);
			buildRules = (
			);
			dependencies = (
			);
			name = KGN;
			packageProductDependencies = (
				4DA5E7C92681230D002C4185 /* SwiftyJSON */,
			);
			productName = KGN;
			productReference = 4D4D427C267F80BF00FEA3F5 /* KGN.app */;
			productType = "com.apple.product-type.application";
		};
		4DF961732680F70900B31B96 /* KGNios */ = {
			isa = PBXNativeTarget;
			buildConfigurationList = 4DF961802680F70B00B31B96 /* Build configuration list for PBXNativeTarget "KGNios" */;
			buildPhases = (
				4DF961702680F70900B31B96 /* Sources */,
				4DF961712680F70900B31B96 /* Frameworks */,
				4DF961722680F70900B31B96 /* Resources */,
			);
			buildRules = (
			);
			dependencies = (
			);
			name = KGNios;
			packageProductDependencies = (
				4D380436268252760075EFBB /* SwiftyJSON */,
			);
			productName = KGNios;
			productReference = 4DF961742680F70900B31B96 /* KGNios.app */;
			productType = "com.apple.product-type.application";
		};
/* End PBXNativeTarget section */

/* Begin PBXProject section */
		4D4D4274267F80BF00FEA3F5 /* Project object */ = {
			isa = PBXProject;
			attributes = {
				LastSwiftUpdateCheck = 1250;
				LastUpgradeCheck = 1250;
				TargetAttributes = {
					4D4D427B267F80BF00FEA3F5 = {
						CreatedOnToolsVersion = 12.5;
					};
					4DF961732680F70900B31B96 = {
						CreatedOnToolsVersion = 12.5;
					};
				};
			};
			buildConfigurationList = 4D4D4277267F80BF00FEA3F5 /* Build configuration list for PBXProject "KGN" */;
			compatibilityVersion = "Xcode 9.3";
			developmentRegion = en;
			hasScannedForEncodings = 0;
			knownRegions = (
				en,
				Base,
			);
			mainGroup = 4D4D4273267F80BF00FEA3F5;
			packageReferences = (
				4DA5E7C82681230D002C4185 /* XCRemoteSwiftPackageReference "SwiftyJSON" */,
			);
			productRefGroup = 4D4D427D267F80BF00FEA3F5 /* Products */;
			projectDirPath = "";
			projectRoot = "";
			targets = (
				4D4D427B267F80BF00FEA3F5 /* KGN */,
				4DF961732680F70900B31B96 /* KGNios */,
			);
		};
/* End PBXProject section */

/* Begin PBXResourcesBuildPhase section */
		4D4D427A267F80BF00FEA3F5 /* Resources */ = {
			isa = PBXResourcesBuildPhase;
			buildActionMask = 2147483647;
			files = (
				4D4D4287267F80BF00FEA3F5 /* Preview Assets.xcassets in Resources */,
				4D4D4284267F80BF00FEA3F5 /* Assets.xcassets in Resources */,
				4DC0036C26823C8F00402052 /* bert-base-uncased-vocab.txt in Resources */,
				4DF961932680FB4900B31B96 /* View in Resources */,
			);
			runOnlyForDeploymentPostprocessing = 0;
		};
		4DF961722680F70900B31B96 /* Resources */ = {
			isa = PBXResourcesBuildPhase;
			buildActionMask = 2147483647;
			files = (
				4D38042E2682468F0075EFBB /* bert-base-uncased-vocab.txt in Resources */,
				4DF9617E2680F70B00B31B96 /* Preview Assets.xcassets in Resources */,
				4DF9617B2680F70B00B31B96 /* Assets.xcassets in Resources */,
				4DF961912680FA8900B31B96 /* View in Resources */,
			);
			runOnlyForDeploymentPostprocessing = 0;
		};
/* End PBXResourcesBuildPhase section */

/* Begin PBXSourcesBuildPhase section */
		4D4D4278267F80BF00FEA3F5 /* Sources */ = {
			isa = PBXSourcesBuildPhase;
			buildActionMask = 2147483647;
			files = (
				1692407626A89CB900502370 /* AppSparql.swift in Sources */,
				1692407926A89CE200502370 /* QueryCache.swift in Sources */,
				4D38043126824B1F0075EFBB /* NlpWhiteboard.swift in Sources */,
				4D4D4294267F886C00FEA3F5 /* MainView.swift in Sources */,
				4DC0036A26823C1B00402052 /* BERTVocabulary.swift in Sources */,
				4DA5E7D0268125D4002C4185 /* SparqlQuery.swift in Sources */,
				4D4D4297267F892500FEA3F5 /* QueryView.swift in Sources */,
				4DF8C0F62681087C0055C938 /* OutputView.swift in Sources */,
				4DC0036926823C1B00402052 /* TokenizedString.swift in Sources */,
				4DC0036E26823CAE00402052 /* BERTQAFP16.mlmodel in Sources */,
				4D4D4280267F80BF00FEA3F5 /* KGNApp.swift in Sources */,
				4DA5E7CD26812583002C4185 /* NLPutils.swift in Sources */,
				4D4D429B267F895400FEA3F5 /* InfoView.swift in Sources */,
				4DA5E7D1268125D4002C4185 /* GenerateSparql.swift in Sources */,
				4D4D4299267F893E00FEA3F5 /* AboutView.swift in Sources */,
				4DC0036426823BFD00402052 /* BERTInput.swift in Sources */,
				4DC0036526823BFD00402052 /* BERT.swift in Sources */,
				1692407D26A89DC600502370 /* Relationships.swift in Sources */,
				4DC0036626823BFD00402052 /* BERTOutput.swift in Sources */,
			);
			runOnlyForDeploymentPostprocessing = 0;
		};
		4DF961702680F70900B31B96 /* Sources */ = {
			isa = PBXSourcesBuildPhase;
			buildActionMask = 2147483647;
			files = (
				1692407726A89CB900502370 /* AppSparql.swift in Sources */,
				1692407A26A89CE200502370 /* QueryCache.swift in Sources */,
				4D3804332682522A0075EFBB /* SparqlQuery.swift in Sources */,
				4D3804342682522A0075EFBB /* GenerateSparql.swift in Sources */,
				4D380432268251D10075EFBB /* NLPutils.swift in Sources */,
				4D3804272682462F0075EFBB /* BERTQAFP16.mlmodel in Sources */,
				4D3804292682462F0075EFBB /* BERTVocabulary.swift in Sources */,
				4D38042A2682462F0075EFBB /* TokenizedString.swift in Sources */,
				4D38042B2682462F0075EFBB /* BERT.swift in Sources */,
				4D38042C2682462F0075EFBB /* BERTInput.swift in Sources */,
				4D38042D2682462F0075EFBB /* BERTOutput.swift in Sources */,
				4D38043026824AE80075EFBB /* NlpWhiteboard.swift in Sources */,
				4DBB56F02680FD7300A2C5DC /* MainView.swift in Sources */,
				4DBB56F12680FD7300A2C5DC /* QueryView.swift in Sources */,
				4DF8C0F8268108B30055C938 /* OutputView.swift in Sources */,
				4DBB56F22680FD7300A2C5DC /* AboutView.swift in Sources */,
				4DBB56F32680FD7300A2C5DC /* InfoView.swift in Sources */,
				1692407E26A89DC600502370 /* Relationships.swift in Sources */,
				4DF961772680F70900B31B96 /* KGNiosApp.swift in Sources */,
			);
			runOnlyForDeploymentPostprocessing = 0;
		};
/* End PBXSourcesBuildPhase section */

/* Begin XCBuildConfiguration section */
		4D4D428A267F80BF00FEA3F5 /* Debug */ = {
			isa = XCBuildConfiguration;
			buildSettings = {
				ALWAYS_SEARCH_USER_PATHS = NO;
				CLANG_ANALYZER_NONNULL = YES;
				CLANG_ANALYZER_NUMBER_OBJECT_CONVERSION = YES_AGGRESSIVE;
				CLANG_CXX_LANGUAGE_STANDARD = "gnu++14";
				CLANG_CXX_LIBRARY = "libc++";
				CLANG_ENABLE_MODULES = YES;
				CLANG_ENABLE_OBJC_ARC = YES;
				CLANG_ENABLE_OBJC_WEAK = YES;
				CLANG_WARN_BLOCK_CAPTURE_AUTORELEASING = YES;
				CLANG_WARN_BOOL_CONVERSION = YES;
				CLANG_WARN_COMMA = YES;
				CLANG_WARN_CONSTANT_CONVERSION = YES;
				CLANG_WARN_DEPRECATED_OBJC_IMPLEMENTATIONS = YES;
				CLANG_WARN_DIRECT_OBJC_ISA_USAGE = YES_ERROR;
				CLANG_WARN_DOCUMENTATION_COMMENTS = YES;
				CLANG_WARN_EMPTY_BODY = YES;
				CLANG_WARN_ENUM_CONVERSION = YES;
				CLANG_WARN_INFINITE_RECURSION = YES;
				CLANG_WARN_INT_CONVERSION = YES;
				CLANG_WARN_NON_LITERAL_NULL_CONVERSION = YES;
				CLANG_WARN_OBJC_IMPLICIT_RETAIN_SELF = YES;
				CLANG_WARN_OBJC_LITERAL_CONVERSION = YES;
				CLANG_WARN_OBJC_ROOT_CLASS = YES_ERROR;
				CLANG_WARN_QUOTED_INCLUDE_IN_FRAMEWORK_HEADER = YES;
				CLANG_WARN_RANGE_LOOP_ANALYSIS = YES;
				CLANG_WARN_STRICT_PROTOTYPES = YES;
				CLANG_WARN_SUSPICIOUS_MOVE = YES;
				CLANG_WARN_UNGUARDED_AVAILABILITY = YES_AGGRESSIVE;
				CLANG_WARN_UNREACHABLE_CODE = YES;
				CLANG_WARN__DUPLICATE_METHOD_MATCH = YES;
				COPY_PHASE_STRIP = NO;
				DEBUG_INFORMATION_FORMAT = dwarf;
				ENABLE_STRICT_OBJC_MSGSEND = YES;
				ENABLE_TESTABILITY = YES;
				GCC_C_LANGUAGE_STANDARD = gnu11;
				GCC_DYNAMIC_NO_PIC = NO;
				GCC_NO_COMMON_BLOCKS = YES;
				GCC_OPTIMIZATION_LEVEL = 0;
				GCC_PREPROCESSOR_DEFINITIONS = (
					"DEBUG=1",
					"$(inherited)",
				);
				GCC_WARN_64_TO_32_BIT_CONVERSION = YES;
				GCC_WARN_ABOUT_RETURN_TYPE = YES_ERROR;
				GCC_WARN_UNDECLARED_SELECTOR = YES;
				GCC_WARN_UNINITIALIZED_AUTOS = YES_AGGRESSIVE;
				GCC_WARN_UNUSED_FUNCTION = YES;
				GCC_WARN_UNUSED_VARIABLE = YES;
				MACOSX_DEPLOYMENT_TARGET = 11.3;
				MTL_ENABLE_DEBUG_INFO = INCLUDE_SOURCE;
				MTL_FAST_MATH = YES;
				ONLY_ACTIVE_ARCH = YES;
				SDKROOT = macosx;
				SWIFT_ACTIVE_COMPILATION_CONDITIONS = DEBUG;
				SWIFT_OPTIMIZATION_LEVEL = "-Onone";
			};
			name = Debug;
		};
		4D4D428B267F80BF00FEA3F5 /* Release */ = {
			isa = XCBuildConfiguration;
			buildSettings = {
				ALWAYS_SEARCH_USER_PATHS = NO;
				CLANG_ANALYZER_NONNULL = YES;
				CLANG_ANALYZER_NUMBER_OBJECT_CONVERSION = YES_AGGRESSIVE;
				CLANG_CXX_LANGUAGE_STANDARD = "gnu++14";
				CLANG_CXX_LIBRARY = "libc++";
				CLANG_ENABLE_MODULES = YES;
				CLANG_ENABLE_OBJC_ARC = YES;
				CLANG_ENABLE_OBJC_WEAK = YES;
				CLANG_WARN_BLOCK_CAPTURE_AUTORELEASING = YES;
				CLANG_WARN_BOOL_CONVERSION = YES;
				CLANG_WARN_COMMA = YES;
				CLANG_WARN_CONSTANT_CONVERSION = YES;
				CLANG_WARN_DEPRECATED_OBJC_IMPLEMENTATIONS = YES;
				CLANG_WARN_DIRECT_OBJC_ISA_USAGE = YES_ERROR;
				CLANG_WARN_DOCUMENTATION_COMMENTS = YES;
				CLANG_WARN_EMPTY_BODY = YES;
				CLANG_WARN_ENUM_CONVERSION = YES;
				CLANG_WARN_INFINITE_RECURSION = YES;
				CLANG_WARN_INT_CONVERSION = YES;
				CLANG_WARN_NON_LITERAL_NULL_CONVERSION = YES;
				CLANG_WARN_OBJC_IMPLICIT_RETAIN_SELF = YES;
				CLANG_WARN_OBJC_LITERAL_CONVERSION = YES;
				CLANG_WARN_OBJC_ROOT_CLASS = YES_ERROR;
				CLANG_WARN_QUOTED_INCLUDE_IN_FRAMEWORK_HEADER = YES;
				CLANG_WARN_RANGE_LOOP_ANALYSIS = YES;
				CLANG_WARN_STRICT_PROTOTYPES = YES;
				CLANG_WARN_SUSPICIOUS_MOVE = YES;
				CLANG_WARN_UNGUARDED_AVAILABILITY = YES_AGGRESSIVE;
				CLANG_WARN_UNREACHABLE_CODE = YES;
				CLANG_WARN__DUPLICATE_METHOD_MATCH = YES;
				COPY_PHASE_STRIP = NO;
				DEBUG_INFORMATION_FORMAT = "dwarf-with-dsym";
				ENABLE_NS_ASSERTIONS = NO;
				ENABLE_STRICT_OBJC_MSGSEND = YES;
				GCC_C_LANGUAGE_STANDARD = gnu11;
				GCC_NO_COMMON_BLOCKS = YES;
				GCC_WARN_64_TO_32_BIT_CONVERSION = YES;
				GCC_WARN_ABOUT_RETURN_TYPE = YES_ERROR;
				GCC_WARN_UNDECLARED_SELECTOR = YES;
				GCC_WARN_UNINITIALIZED_AUTOS = YES_AGGRESSIVE;
				GCC_WARN_UNUSED_FUNCTION = YES;
				GCC_WARN_UNUSED_VARIABLE = YES;
				MACOSX_DEPLOYMENT_TARGET = 11.3;
				MTL_ENABLE_DEBUG_INFO = NO;
				MTL_FAST_MATH = YES;
				SDKROOT = macosx;
				SWIFT_COMPILATION_MODE = wholemodule;
				SWIFT_OPTIMIZATION_LEVEL = "-O";
			};
			name = Release;
		};
		4D4D428D267F80BF00FEA3F5 /* Debug */ = {
			isa = XCBuildConfiguration;
			buildSettings = {
				ASSETCATALOG_COMPILER_APPICON_NAME = AppIcon;
				ASSETCATALOG_COMPILER_GLOBAL_ACCENT_COLOR_NAME = AccentColor;
				CODE_SIGN_ENTITLEMENTS = KGN/KGN.entitlements;
				CODE_SIGN_STYLE = Automatic;
				COMBINE_HIDPI_IMAGES = YES;
				CURRENT_PROJECT_VERSION = 4;
				DEVELOPMENT_ASSET_PATHS = "\"KGN/Preview Content\"";
				DEVELOPMENT_TEAM = NJFF36ACP6;
				ENABLE_HARDENED_RUNTIME = YES;
				ENABLE_PREVIEWS = NO;
				INFOPLIST_FILE = KGN/Info.plist;
				LD_RUNPATH_SEARCH_PATHS = (
					"$(inherited)",
					"@executable_path/../Frameworks",
				);
				MACOSX_DEPLOYMENT_TARGET = 11.0;
				MARKETING_VERSION = 1.4;
				PRODUCT_BUNDLE_IDENTIFIER = com.knowledgegraphnavigator.macswift;
				PRODUCT_NAME = "$(TARGET_NAME)";
				SWIFT_VERSION = 5.0;
			};
			name = Debug;
		};
		4D4D428E267F80BF00FEA3F5 /* Release */ = {
			isa = XCBuildConfiguration;
			buildSettings = {
				ASSETCATALOG_COMPILER_APPICON_NAME = AppIcon;
				ASSETCATALOG_COMPILER_GLOBAL_ACCENT_COLOR_NAME = AccentColor;
				CODE_SIGN_ENTITLEMENTS = KGN/KGN.entitlements;
				CODE_SIGN_STYLE = Automatic;
				COMBINE_HIDPI_IMAGES = YES;
				CURRENT_PROJECT_VERSION = 4;
				DEVELOPMENT_ASSET_PATHS = "\"KGN/Preview Content\"";
				DEVELOPMENT_TEAM = NJFF36ACP6;
				ENABLE_HARDENED_RUNTIME = YES;
				ENABLE_PREVIEWS = NO;
				INFOPLIST_FILE = KGN/Info.plist;
				LD_RUNPATH_SEARCH_PATHS = (
					"$(inherited)",
					"@executable_path/../Frameworks",
				);
				MACOSX_DEPLOYMENT_TARGET = 11.0;
				MARKETING_VERSION = 1.4;
				PRODUCT_BUNDLE_IDENTIFIER = com.knowledgegraphnavigator.macswift;
				PRODUCT_NAME = "$(TARGET_NAME)";
				SWIFT_VERSION = 5.0;
			};
			name = Release;
		};
		4DF961812680F70B00B31B96 /* Debug */ = {
			isa = XCBuildConfiguration;
			buildSettings = {
				ASSETCATALOG_COMPILER_APPICON_NAME = AppIcon;
				ASSETCATALOG_COMPILER_GLOBAL_ACCENT_COLOR_NAME = AccentColor;
				CODE_SIGN_STYLE = Automatic;
				DEVELOPMENT_ASSET_PATHS = "\"KGNios/Preview Content\"";
				DEVELOPMENT_TEAM = HUQTVUK4LT;
				ENABLE_PREVIEWS = NO;
				INFOPLIST_FILE = KGNios/Info.plist;
				IPHONEOS_DEPLOYMENT_TARGET = 14.5;
				LD_RUNPATH_SEARCH_PATHS = (
					"$(inherited)",
					"@executable_path/Frameworks",
				);
				PRODUCT_BUNDLE_IDENTIFIER = markwatson.com.KGNios;
				PRODUCT_NAME = "$(TARGET_NAME)";
				SDKROOT = iphoneos;
				SWIFT_VERSION = 5.0;
				TARGETED_DEVICE_FAMILY = "1,2";
			};
			name = Debug;
		};
		4DF961822680F70B00B31B96 /* Release */ = {
			isa = XCBuildConfiguration;
			buildSettings = {
				ASSETCATALOG_COMPILER_APPICON_NAME = AppIcon;
				ASSETCATALOG_COMPILER_GLOBAL_ACCENT_COLOR_NAME = AccentColor;
				CODE_SIGN_STYLE = Automatic;
				DEVELOPMENT_ASSET_PATHS = "\"KGNios/Preview Content\"";
				DEVELOPMENT_TEAM = HUQTVUK4LT;
				ENABLE_PREVIEWS = NO;
				INFOPLIST_FILE = KGNios/Info.plist;
				IPHONEOS_DEPLOYMENT_TARGET = 14.5;
				LD_RUNPATH_SEARCH_PATHS = (
					"$(inherited)",
					"@executable_path/Frameworks",
				);
				PRODUCT_BUNDLE_IDENTIFIER = markwatson.com.KGNios;
				PRODUCT_NAME = "$(TARGET_NAME)";
				SDKROOT = iphoneos;
				SWIFT_VERSION = 5.0;
				TARGETED_DEVICE_FAMILY = "1,2";
				VALIDATE_PRODUCT = YES;
			};
			name = Release;
		};
/* End XCBuildConfiguration section */

/* Begin XCConfigurationList section */
		4D4D4277267F80BF00FEA3F5 /* Build configuration list for PBXProject "KGN" */ = {
			isa = XCConfigurationList;
			buildConfigurations = (
				4D4D428A267F80BF00FEA3F5 /* Debug */,
				4D4D428B267F80BF00FEA3F5 /* Release */,
			);
			defaultConfigurationIsVisible = 0;
			defaultConfigurationName = Release;
		};
		4D4D428C267F80BF00FEA3F5 /* Build configuration list for PBXNativeTarget "KGN" */ = {
			isa = XCConfigurationList;
			buildConfigurations = (
				4D4D428D267F80BF00FEA3F5 /* Debug */,
				4D4D428E267F80BF00FEA3F5 /* Release */,
			);
			defaultConfigurationIsVisible = 0;
			defaultConfigurationName = Release;
		};
		4DF961802680F70B00B31B96 /* Build configuration list for PBXNativeTarget "KGNios" */ = {
			isa = XCConfigurationList;
			buildConfigurations = (
				4DF961812680F70B00B31B96 /* Debug */,
				4DF961822680F70B00B31B96 /* Release */,
			);
			defaultConfigurationIsVisible = 0;
			defaultConfigurationName = Release;
		};
/* End XCConfigurationList section */

/* Begin XCRemoteSwiftPackageReference section */
		4DA5E7C82681230D002C4185 /* XCRemoteSwiftPackageReference "SwiftyJSON" */ = {
			isa = XCRemoteSwiftPackageReference;
			repositoryURL = "https://github.com/SwiftyJSON/SwiftyJSON.git";
			requirement = {
				kind = upToNextMajorVersion;
				minimumVersion = 5.0.1;
			};
		};
/* End XCRemoteSwiftPackageReference section */

/* Begin XCSwiftPackageProductDependency section */
		4D380436268252760075EFBB /* SwiftyJSON */ = {
			isa = XCSwiftPackageProductDependency;
			package = 4DA5E7C82681230D002C4185 /* XCRemoteSwiftPackageReference "SwiftyJSON" */;
			productName = SwiftyJSON;
		};
		4DA5E7C92681230D002C4185 /* SwiftyJSON */ = {
			isa = XCSwiftPackageProductDependency;
			package = 4DA5E7C82681230D002C4185 /* XCRemoteSwiftPackageReference "SwiftyJSON" */;
			productName = SwiftyJSON;
		};
/* End XCSwiftPackageProductDependency section */
	};
	rootObject = 4D4D4274267F80BF00FEA3F5 /* Project object */;
}
